
Microsoft Visual Studio Solution File, Format Version 12.00
Project("{2150E333-8FDC-42A3-9474-1A3956D46DE8}") = "Src", "Src", "{3EA7D73D-0B7E-4C03-AABE-CC81D333EA8B}"
EndProject
Project("{2150E333-8FDC-42A3-9474-1A3956D46DE8}") = "ShoppingContext", "ShoppingContext", "{B7B1076F-750B-41A9-A52D-2539199F2434}"
EndProject
Project("{FAE04EC0-301F-11D3-BF4B-00C04F79EFBC}") = "ShoppingContext.Domain", "Src\ShoppingContext\ShoppingContext.Domain\ShoppingContext.Domain.csproj", "{8C4047BF-AAD0-48C5-86A3-12E62FF5C461}"
EndProject
Project("{2150E333-8FDC-42A3-9474-1A3956D46DE8}") = "Tests", "Tests", "{0599C71A-970C-4766-95CE-F218CD1B1D31}"
EndProject
Project("{FAE04EC0-301F-11D3-BF4B-00C04F79EFBC}") = "ShoppingContext.Application", "Src\ShoppingContext\ShoppingContext.Application\ShoppingContext.Application.csproj", "{C754E440-8C59-49F4-B564-815490E455DC}"
EndProject
Project("{FAE04EC0-301F-11D3-BF4B-00C04F79EFBC}") = "ShoppingContext.Infrastructure", "Src\ShoppingContext\ShoppingContext.Infrastructure\ShoppingContext.Infrastructure.csproj", "{BFCF1D02-4BB1-4F6C-A71D-02AAE7153BC7}"
EndProject
Project("{FAE04EC0-301F-11D3-BF4B-00C04F79EFBC}") = "ShoppingContext.UnitTests", "Src\ShoppingContext\Tests\ShoppingContext.UnitTests\ShoppingContext.UnitTests.csproj", "{3D3EBDE1-1BE0-45B8-B7F9-97DF95BF869C}"
EndProject
Global
	GlobalSection(SolutionConfigurationPlatforms) = preSolution
		Debug|Any CPU = Debug|Any CPU
		Release|Any CPU = Release|Any CPU
	EndGlobalSection
	GlobalSection(NestedProjects) = preSolution
		{B7B1076F-750B-41A9-A52D-2539199F2434} = {3EA7D73D-0B7E-4C03-AABE-CC81D333EA8B}
		{8C4047BF-AAD0-48C5-86A3-12E62FF5C461} = {B7B1076F-750B-41A9-A52D-2539199F2434}
		{0599C71A-970C-4766-95CE-F218CD1B1D31} = {B7B1076F-750B-41A9-A52D-2539199F2434}
		{C754E440-8C59-49F4-B564-815490E455DC} = {B7B1076F-750B-41A9-A52D-2539199F2434}
		{BFCF1D02-4BB1-4F6C-A71D-02AAE7153BC7} = {B7B1076F-750B-41A9-A52D-2539199F2434}
		{3D3EBDE1-1BE0-45B8-B7F9-97DF95BF869C} = {0599C71A-970C-4766-95CE-F218CD1B1D31}
	EndGlobalSection
	GlobalSection(ProjectConfigurationPlatforms) = postSolution
		{8C4047BF-AAD0-48C5-86A3-12E62FF5C461}.Debug|Any CPU.ActiveCfg = Debug|Any CPU
		{8C4047BF-AAD0-48C5-86A3-12E62FF5C461}.Debug|Any CPU.Build.0 = Debug|Any CPU
		{8C4047BF-AAD0-48C5-86A3-12E62FF5C461}.Release|Any CPU.ActiveCfg = Release|Any CPU
		{8C4047BF-AAD0-48C5-86A3-12E62FF5C461}.Release|Any CPU.Build.0 = Release|Any CPU
		{C754E440-8C59-49F4-B564-815490E455DC}.Debug|Any CPU.ActiveCfg = Debug|Any CPU
		{C754E440-8C59-49F4-B564-815490E455DC}.Debug|Any CPU.Build.0 = Debug|Any CPU
		{C754E440-8C59-49F4-B564-815490E455DC}.Release|Any CPU.ActiveCfg = Release|Any CPU
		{C754E440-8C59-49F4-B564-815490E455DC}.Release|Any CPU.Build.0 = Release|Any CPU
		{BFCF1D02-4BB1-4F6C-A71D-02AAE7153BC7}.Debug|Any CPU.ActiveCfg = Debug|Any CPU
		{BFCF1D02-4BB1-4F6C-A71D-02AAE7153BC7}.Debug|Any CPU.Build.0 = Debug|Any CPU
		{BFCF1D02-4BB1-4F6C-A71D-02AAE7153BC7}.Release|Any CPU.ActiveCfg = Release|Any CPU
		{BFCF1D02-4BB1-4F6C-A71D-02AAE7153BC7}.Release|Any CPU.Build.0 = Release|Any CPU
		{3D3EBDE1-1BE0-45B8-B7F9-97DF95BF869C}.Debug|Any CPU.ActiveCfg = Debug|Any CPU
		{3D3EBDE1-1BE0-45B8-B7F9-97DF95BF869C}.Debug|Any CPU.Build.0 = Debug|Any CPU
		{3D3EBDE1-1BE0-45B8-B7F9-97DF95BF869C}.Release|Any CPU.ActiveCfg = Release|Any CPU
		{3D3EBDE1-1BE0-45B8-B7F9-97DF95BF869C}.Release|Any CPU.Build.0 = Release|Any CPU
	EndGlobalSection
EndGlobal
